
Microsoft Visual Studio Solution File, Format Version 12.00
# Visual Studio Version 17
VisualStudioVersion = 17.4.33110.190
MinimumVisualStudioVersion = 10.0.40219.1
Project("{FAE04EC0-301F-11D3-BF4B-00C04F79EFBC}") = "SudokuSolver", "SudokuSolver\SudokuSolver.csproj", "{AE0BD26A-FA79-4967-BDF7-1D3E4FDE5224}"
EndProject
Global
	GlobalSection(SolutionConfigurationPlatforms) = preSolution
		Debug|Any CPU = Debug|Any CPU
		Release|Any CPU = Release|Any CPU
	EndGlobalSection
	GlobalSection(ProjectConfigurationPlatforms) = postSolution
		{AE0BD26A-FA79-4967-BDF7-1D3E4FDE5224}.Debug|Any CPU.ActiveCfg = Debug|Any CPU
		{AE0BD26A-FA79-4967-BDF7-1D3E4FDE5224}.Debug|Any CPU.Build.0 = Debug|Any CPU
		{AE0BD26A-FA79-4967-BDF7-1D3E4FDE5224}.Release|Any CPU.ActiveCfg = Release|Any CPU
		{AE0BD26A-FA79-4967-BDF7-1D3E4FDE5224}.Release|Any CPU.Build.0 = Release|Any CPU
	EndGlobalSection
	GlobalSection(SolutionProperties) = preSolution
		HideSolutionNode = FALSE
	EndGlobalSection
	GlobalSection(ExtensibilityGlobals) = postSolution
		SolutionGuid = {D08F2ECA-F490-41F2-8395-3D46FC2CD009}
	EndGlobalSection
EndGlobal
